
Microsoft Visual Studio Solution File, Format Version 12.00
# Visual Studio Version 17
VisualStudioVersion = 17.0.32112.339
MinimumVisualStudioVersion = 10.0.40219.1
Project("{D954291E-2A0B-460D-934E-DC6B0785DB48}") = "UnoPlatformDemo.Shared", "UnoPlatformDemo\UnoPlatformDemo.Shared\UnoPlatformDemo.Shared.shproj", "{6279C845-92F8-4333-AB99-3D213163593C}"
EndProject
Project("{2150E333-8FDC-42A3-9474-1A3956D46DE8}") = "Platforms", "Platforms", "{95260D6C-9BF8-422E-A0C1-060B29A809ED}"
EndProject
Project("{FAE04EC0-301F-11D3-BF4B-00C04F79EFBC}") = "UnoPlatformDemo.Droid", "UnoPlatformDemo\UnoPlatformDemo.Droid\UnoPlatformDemo.Droid.csproj", "{E1DE7428-4AC4-4138-8176-676880FBD718}"
EndProject
Project("{FAE04EC0-301F-11D3-BF4B-00C04F79EFBC}") = "UnoPlatformDemo.iOS", "UnoPlatformDemo\UnoPlatformDemo.iOS\UnoPlatformDemo.iOS.csproj", "{12E4C519-4C0B-4D6F-BFD6-39BB499B00FD}"
EndProject
Project("{FAE04EC0-301F-11D3-BF4B-00C04F79EFBC}") = "UnoPlatformDemo.UWP", "UnoPlatformDemo\UnoPlatformDemo.UWP\UnoPlatformDemo.UWP.csproj", "{C8BDC767-8A57-423A-B3CB-DF6A530B6F34}"
EndProject
Project("{9A19103F-16F7-4668-BE54-9A1E7A4F7556}") = "UnoPlatformDemo.Wasm", "UnoPlatformDemo\UnoPlatformDemo.Wasm\UnoPlatformDemo.Wasm.csproj", "{F8B575EC-9CBC-43C8-95B0-E3E566D1F376}"
EndProject
Project("{FAE04EC0-301F-11D3-BF4B-00C04F79EFBC}") = "UnoPlatformDemo.macOS", "UnoPlatformDemo\UnoPlatformDemo.macOS\UnoPlatformDemo.macOS.csproj", "{22F2190E-B948-4E96-994E-0B1C10CD2CBA}"
EndProject
Project("{9A19103F-16F7-4668-BE54-9A1E7A4F7556}") = "UnoPlatformDemo.Skia.Wpf.Host", "UnoPlatformDemo\UnoPlatformDemo.Skia.Wpf.Host\UnoPlatformDemo.Skia.Wpf.Host.csproj", "{11D9A8F9-47D2-4ED1-A687-F51F345599C7}"
EndProject
Project("{9A19103F-16F7-4668-BE54-9A1E7A4F7556}") = "UnoPlatformDemo.Skia.Wpf", "UnoPlatformDemo\UnoPlatformDemo.Skia.Wpf\UnoPlatformDemo.Skia.Wpf.csproj", "{A50C849A-8E2C-460B-8060-1F989059C25B}"
EndProject
Project("{9A19103F-16F7-4668-BE54-9A1E7A4F7556}") = "UnoPlatformDemo.Skia.Gtk", "UnoPlatformDemo\UnoPlatformDemo.Skia.Gtk\UnoPlatformDemo.Skia.Gtk.csproj", "{20E9EE38-1A9F-4B33-9B7E-64187C321F77}"
EndProject
Project("{9A19103F-16F7-4668-BE54-9A1E7A4F7556}") = "UnoPlatformDemo.Skia.Tizen", "UnoPlatformDemo\UnoPlatformDemo.Skia.Tizen\UnoPlatformDemo.Skia.Tizen.csproj", "{65948A98-D9B9-4F4E-A0AE-CFEABBD4C680}"
EndProject
Global
	GlobalSection(SharedMSBuildProjectFiles) = preSolution
		UnoPlatformDemo\UnoPlatformDemo.Shared\UnoPlatformDemo.Shared.projitems*{12e4c519-4c0b-4d6f-bfd6-39bb499b00fd}*SharedItemsImports = 4
		UnoPlatformDemo\UnoPlatformDemo.Shared\UnoPlatformDemo.Shared.projitems*{20e9ee38-1a9f-4b33-9b7e-64187c321f77}*SharedItemsImports = 5
		UnoPlatformDemo\UnoPlatformDemo.Shared\UnoPlatformDemo.Shared.projitems*{22f2190e-b948-4e96-994e-0b1c10cd2cba}*SharedItemsImports = 4
		UnoPlatformDemo\UnoPlatformDemo.Shared\UnoPlatformDemo.Shared.projitems*{6279c845-92f8-4333-ab99-3d213163593c}*SharedItemsImports = 13
		UnoPlatformDemo\UnoPlatformDemo.Shared\UnoPlatformDemo.Shared.projitems*{65948a98-d9b9-4f4e-a0ae-cfeabbd4c680}*SharedItemsImports = 5
		UnoPlatformDemo\UnoPlatformDemo.Shared\UnoPlatformDemo.Shared.projitems*{a50c849a-8e2c-460b-8060-1f989059c25b}*SharedItemsImports = 5
		UnoPlatformDemo\UnoPlatformDemo.Shared\UnoPlatformDemo.Shared.projitems*{c8bdc767-8a57-423a-b3cb-df6a530b6f34}*SharedItemsImports = 4
		UnoPlatformDemo\UnoPlatformDemo.Shared\UnoPlatformDemo.Shared.projitems*{e1de7428-4ac4-4138-8176-676880fbd718}*SharedItemsImports = 4
		UnoPlatformDemo\UnoPlatformDemo.Shared\UnoPlatformDemo.Shared.projitems*{f8b575ec-9cbc-43c8-95b0-e3e566d1f376}*SharedItemsImports = 5
	EndGlobalSection
	GlobalSection(SolutionConfigurationPlatforms) = preSolution
		Ad-Hoc|Any CPU = Ad-Hoc|Any CPU
		Ad-Hoc|ARM = Ad-Hoc|ARM
		Ad-Hoc|ARM64 = Ad-Hoc|ARM64
		Ad-Hoc|iPhone = Ad-Hoc|iPhone
		Ad-Hoc|iPhoneSimulator = Ad-Hoc|iPhoneSimulator
		Ad-Hoc|x64 = Ad-Hoc|x64
		Ad-Hoc|x86 = Ad-Hoc|x86
		AppStore|Any CPU = AppStore|Any CPU
		AppStore|ARM = AppStore|ARM
		AppStore|ARM64 = AppStore|ARM64
		AppStore|iPhone = AppStore|iPhone
		AppStore|iPhoneSimulator = AppStore|iPhoneSimulator
		AppStore|x64 = AppStore|x64
		AppStore|x86 = AppStore|x86
		Debug|Any CPU = Debug|Any CPU
		Debug|ARM = Debug|ARM
		Debug|ARM64 = Debug|ARM64
		Debug|iPhone = Debug|iPhone
		Debug|iPhoneSimulator = Debug|iPhoneSimulator
		Debug|x64 = Debug|x64
		Debug|x86 = Debug|x86
		Release|Any CPU = Release|Any CPU
		Release|ARM = Release|ARM
		Release|ARM64 = Release|ARM64
		Release|iPhone = Release|iPhone
		Release|iPhoneSimulator = Release|iPhoneSimulator
		Release|x64 = Release|x64
		Release|x86 = Release|x86
	EndGlobalSection
	GlobalSection(ProjectConfigurationPlatforms) = postSolution
		{E1DE7428-4AC4-4138-8176-676880FBD718}.Ad-Hoc|Any CPU.ActiveCfg = Debug|Any CPU
		{E1DE7428-4AC4-4138-8176-676880FBD718}.Ad-Hoc|Any CPU.Build.0 = Debug|Any CPU
		{E1DE7428-4AC4-4138-8176-676880FBD718}.Ad-Hoc|Any CPU.Deploy.0 = Debug|Any CPU
		{E1DE7428-4AC4-4138-8176-676880FBD718}.Ad-Hoc|ARM.ActiveCfg = Debug|Any CPU
		{E1DE7428-4AC4-4138-8176-676880FBD718}.Ad-Hoc|ARM.Build.0 = Debug|Any CPU
		{E1DE7428-4AC4-4138-8176-676880FBD718}.Ad-Hoc|ARM.Deploy.0 = Debug|Any CPU
		{E1DE7428-4AC4-4138-8176-676880FBD718}.Ad-Hoc|ARM64.ActiveCfg = Debug|Any CPU
		{E1DE7428-4AC4-4138-8176-676880FBD718}.Ad-Hoc|ARM64.Build.0 = Debug|Any CPU
		{E1DE7428-4AC4-4138-8176-676880FBD718}.Ad-Hoc|ARM64.Deploy.0 = Debug|Any CPU
		{E1DE7428-4AC4-4138-8176-676880FBD718}.Ad-Hoc|iPhone.ActiveCfg = Debug|Any CPU
		{E1DE7428-4AC4-4138-8176-676880FBD718}.Ad-Hoc|iPhone.Build.0 = Debug|Any CPU
		{E1DE7428-4AC4-4138-8176-676880FBD718}.Ad-Hoc|iPhone.Deploy.0 = Debug|Any CPU
		{E1DE7428-4AC4-4138-8176-676880FBD718}.Ad-Hoc|iPhoneSimulator.ActiveCfg = Debug|Any CPU
		{E1DE7428-4AC4-4138-8176-676880FBD718}.Ad-Hoc|iPhoneSimulator.Build.0 = Debug|Any CPU
		{E1DE7428-4AC4-4138-8176-676880FBD718}.Ad-Hoc|iPhoneSimulator.Deploy.0 = Debug|Any CPU
		{E1DE7428-4AC4-4138-8176-676880FBD718}.Ad-Hoc|x64.ActiveCfg = Debug|Any CPU
		{E1DE7428-4AC4-4138-8176-676880FBD718}.Ad-Hoc|x64.Build.0 = Debug|Any CPU
		{E1DE7428-4AC4-4138-8176-676880FBD718}.Ad-Hoc|x64.Deploy.0 = Debug|Any CPU
		{E1DE7428-4AC4-4138-8176-676880FBD718}.Ad-Hoc|x86.ActiveCfg = Debug|Any CPU
		{E1DE7428-4AC4-4138-8176-676880FBD718}.Ad-Hoc|x86.Build.0 = Debug|Any CPU
		{E1DE7428-4AC4-4138-8176-676880FBD718}.Ad-Hoc|x86.Deploy.0 = Debug|Any CPU
		{E1DE7428-4AC4-4138-8176-676880FBD718}.AppStore|Any CPU.ActiveCfg = Debug|Any CPU
		{E1DE7428-4AC4-4138-8176-676880FBD718}.AppStore|Any CPU.Build.0 = Debug|Any CPU
		{E1DE7428-4AC4-4138-8176-676880FBD718}.AppStore|Any CPU.Deploy.0 = Debug|Any CPU
		{E1DE7428-4AC4-4138-8176-676880FBD718}.AppStore|ARM.ActiveCfg = Debug|Any CPU
		{E1DE7428-4AC4-4138-8176-676880FBD718}.AppStore|ARM.Build.0 = Debug|Any CPU
		{E1DE7428-4AC4-4138-8176-676880FBD718}.AppStore|ARM.Deploy.0 = Debug|Any CPU
		{E1DE7428-4AC4-4138-8176-676880FBD718}.AppStore|ARM64.ActiveCfg = Debug|Any CPU
		{E1DE7428-4AC4-4138-8176-676880FBD718}.AppStore|ARM64.Build.0 = Debug|Any CPU
		{E1DE7428-4AC4-4138-8176-676880FBD718}.AppStore|ARM64.Deploy.0 = Debug|Any CPU
		{E1DE7428-4AC4-4138-8176-676880FBD718}.AppStore|iPhone.ActiveCfg = Debug|Any CPU
		{E1DE7428-4AC4-4138-8176-676880FBD718}.AppStore|iPhone.Build.0 = Debug|Any CPU
		{E1DE7428-4AC4-4138-8176-676880FBD718}.AppStore|iPhone.Deploy.0 = Debug|Any CPU
		{E1DE7428-4AC4-4138-8176-676880FBD718}.AppStore|iPhoneSimulator.ActiveCfg = Debug|Any CPU
		{E1DE7428-4AC4-4138-8176-676880FBD718}.AppStore|iPhoneSimulator.Build.0 = Debug|Any CPU
		{E1DE7428-4AC4-4138-8176-676880FBD718}.AppStore|iPhoneSimulator.Deploy.0 = Debug|Any CPU
		{E1DE7428-4AC4-4138-8176-676880FBD718}.AppStore|x64.ActiveCfg = Debug|Any CPU
		{E1DE7428-4AC4-4138-8176-676880FBD718}.AppStore|x64.Build.0 = Debug|Any CPU
		{E1DE7428-4AC4-4138-8176-676880FBD718}.AppStore|x64.Deploy.0 = Debug|Any CPU
		{E1DE7428-4AC4-4138-8176-676880FBD718}.AppStore|x86.ActiveCfg = Debug|Any CPU
		{E1DE7428-4AC4-4138-8176-676880FBD718}.AppStore|x86.Build.0 = Debug|Any CPU
		{E1DE7428-4AC4-4138-8176-676880FBD718}.AppStore|x86.Deploy.0 = Debug|Any CPU
		{E1DE7428-4AC4-4138-8176-676880FBD718}.Debug|Any CPU.ActiveCfg = Debug|Any CPU
		{E1DE7428-4AC4-4138-8176-676880FBD718}.Debug|Any CPU.Build.0 = Debug|Any CPU
		{E1DE7428-4AC4-4138-8176-676880FBD718}.Debug|Any CPU.Deploy.0 = Debug|Any CPU
		{E1DE7428-4AC4-4138-8176-676880FBD718}.Debug|ARM.ActiveCfg = Debug|Any CPU
		{E1DE7428-4AC4-4138-8176-676880FBD718}.Debug|ARM.Build.0 = Debug|Any CPU
		{E1DE7428-4AC4-4138-8176-676880FBD718}.Debug|ARM.Deploy.0 = Debug|Any CPU
		{E1DE7428-4AC4-4138-8176-676880FBD718}.Debug|ARM64.ActiveCfg = Debug|Any CPU
		{E1DE7428-4AC4-4138-8176-676880FBD718}.Debug|ARM64.Build.0 = Debug|Any CPU
		{E1DE7428-4AC4-4138-8176-676880FBD718}.Debug|ARM64.Deploy.0 = Debug|Any CPU
		{E1DE7428-4AC4-4138-8176-676880FBD718}.Debug|iPhone.ActiveCfg = Debug|Any CPU
		{E1DE7428-4AC4-4138-8176-676880FBD718}.Debug|iPhone.Build.0 = Debug|Any CPU
		{E1DE7428-4AC4-4138-8176-676880FBD718}.Debug|iPhone.Deploy.0 = Debug|Any CPU
		{E1DE7428-4AC4-4138-8176-676880FBD718}.Debug|iPhoneSimulator.ActiveCfg = Debug|Any CPU
		{E1DE7428-4AC4-4138-8176-676880FBD718}.Debug|iPhoneSimulator.Build.0 = Debug|Any CPU
		{E1DE7428-4AC4-4138-8176-676880FBD718}.Debug|iPhoneSimulator.Deploy.0 = Debug|Any CPU
		{E1DE7428-4AC4-4138-8176-676880FBD718}.Debug|x64.ActiveCfg = Debug|Any CPU
		{E1DE7428-4AC4-4138-8176-676880FBD718}.Debug|x64.Build.0 = Debug|Any CPU
		{E1DE7428-4AC4-4138-8176-676880FBD718}.Debug|x64.Deploy.0 = Debug|Any CPU
		{E1DE7428-4AC4-4138-8176-676880FBD718}.Debug|x86.ActiveCfg = Debug|Any CPU
		{E1DE7428-4AC4-4138-8176-676880FBD718}.Debug|x86.Build.0 = Debug|Any CPU
		{E1DE7428-4AC4-4138-8176-676880FBD718}.Debug|x86.Deploy.0 = Debug|Any CPU
		{E1DE7428-4AC4-4138-8176-676880FBD718}.Release|Any CPU.ActiveCfg = Release|Any CPU
		{E1DE7428-4AC4-4138-8176-676880FBD718}.Release|Any CPU.Build.0 = Release|Any CPU
		{E1DE7428-4AC4-4138-8176-676880FBD718}.Release|Any CPU.Deploy.0 = Release|Any CPU
		{E1DE7428-4AC4-4138-8176-676880FBD718}.Release|ARM.ActiveCfg = Release|Any CPU
		{E1DE7428-4AC4-4138-8176-676880FBD718}.Release|ARM.Build.0 = Release|Any CPU
		{E1DE7428-4AC4-4138-8176-676880FBD718}.Release|ARM.Deploy.0 = Release|Any CPU
		{E1DE7428-4AC4-4138-8176-676880FBD718}.Release|ARM64.ActiveCfg = Release|Any CPU
		{E1DE7428-4AC4-4138-8176-676880FBD718}.Release|ARM64.Build.0 = Release|Any CPU
		{E1DE7428-4AC4-4138-8176-676880FBD718}.Release|ARM64.Deploy.0 = Release|Any CPU
		{E1DE7428-4AC4-4138-8176-676880FBD718}.Release|iPhone.ActiveCfg = Release|Any CPU
		{E1DE7428-4AC4-4138-8176-676880FBD718}.Release|iPhone.Build.0 = Release|Any CPU
		{E1DE7428-4AC4-4138-8176-676880FBD718}.Release|iPhone.Deploy.0 = Release|Any CPU
		{E1DE7428-4AC4-4138-8176-676880FBD718}.Release|iPhoneSimulator.ActiveCfg = Release|Any CPU
		{E1DE7428-4AC4-4138-8176-676880FBD718}.Release|iPhoneSimulator.Build.0 = Release|Any CPU
		{E1DE7428-4AC4-4138-8176-676880FBD718}.Release|iPhoneSimulator.Deploy.0 = Release|Any CPU
		{E1DE7428-4AC4-4138-8176-676880FBD718}.Release|x64.ActiveCfg = Release|Any CPU
		{E1DE7428-4AC4-4138-8176-676880FBD718}.Release|x64.Build.0 = Release|Any CPU
		{E1DE7428-4AC4-4138-8176-676880FBD718}.Release|x64.Deploy.0 = Release|Any CPU
		{E1DE7428-4AC4-4138-8176-676880FBD718}.Release|x86.ActiveCfg = Release|Any CPU
		{E1DE7428-4AC4-4138-8176-676880FBD718}.Release|x86.Build.0 = Release|Any CPU
		{E1DE7428-4AC4-4138-8176-676880FBD718}.Release|x86.Deploy.0 = Release|Any CPU
		{12E4C519-4C0B-4D6F-BFD6-39BB499B00FD}.Ad-Hoc|Any CPU.ActiveCfg = Ad-Hoc|iPhoneSimulator
		{12E4C519-4C0B-4D6F-BFD6-39BB499B00FD}.Ad-Hoc|Any CPU.Build.0 = Ad-Hoc|iPhoneSimulator
		{12E4C519-4C0B-4D6F-BFD6-39BB499B00FD}.Ad-Hoc|ARM.ActiveCfg = Ad-Hoc|iPhoneSimulator
		{12E4C519-4C0B-4D6F-BFD6-39BB499B00FD}.Ad-Hoc|ARM.Build.0 = Ad-Hoc|iPhoneSimulator
		{12E4C519-4C0B-4D6F-BFD6-39BB499B00FD}.Ad-Hoc|ARM64.ActiveCfg = Ad-Hoc|iPhoneSimulator
		{12E4C519-4C0B-4D6F-BFD6-39BB499B00FD}.Ad-Hoc|ARM64.Build.0 = Ad-Hoc|iPhoneSimulator
		{12E4C519-4C0B-4D6F-BFD6-39BB499B00FD}.Ad-Hoc|iPhone.ActiveCfg = Ad-Hoc|iPhone
		{12E4C519-4C0B-4D6F-BFD6-39BB499B00FD}.Ad-Hoc|iPhone.Build.0 = Ad-Hoc|iPhone
		{12E4C519-4C0B-4D6F-BFD6-39BB499B00FD}.Ad-Hoc|iPhoneSimulator.ActiveCfg = Ad-Hoc|iPhoneSimulator
		{12E4C519-4C0B-4D6F-BFD6-39BB499B00FD}.Ad-Hoc|iPhoneSimulator.Build.0 = Ad-Hoc|iPhoneSimulator
		{12E4C519-4C0B-4D6F-BFD6-39BB499B00FD}.Ad-Hoc|x64.ActiveCfg = Ad-Hoc|iPhoneSimulator
		{12E4C519-4C0B-4D6F-BFD6-39BB499B00FD}.Ad-Hoc|x64.Build.0 = Ad-Hoc|iPhoneSimulator
		{12E4C519-4C0B-4D6F-BFD6-39BB499B00FD}.Ad-Hoc|x86.ActiveCfg = Ad-Hoc|iPhoneSimulator
		{12E4C519-4C0B-4D6F-BFD6-39BB499B00FD}.Ad-Hoc|x86.Build.0 = Ad-Hoc|iPhoneSimulator
		{12E4C519-4C0B-4D6F-BFD6-39BB499B00FD}.AppStore|Any CPU.ActiveCfg = AppStore|iPhoneSimulator
		{12E4C519-4C0B-4D6F-BFD6-39BB499B00FD}.AppStore|Any CPU.Build.0 = AppStore|iPhoneSimulator
		{12E4C519-4C0B-4D6F-BFD6-39BB499B00FD}.AppStore|ARM.ActiveCfg = AppStore|iPhoneSimulator
		{12E4C519-4C0B-4D6F-BFD6-39BB499B00FD}.AppStore|ARM.Build.0 = AppStore|iPhoneSimulator
		{12E4C519-4C0B-4D6F-BFD6-39BB499B00FD}.AppStore|ARM64.ActiveCfg = AppStore|iPhoneSimulator
		{12E4C519-4C0B-4D6F-BFD6-39BB499B00FD}.AppStore|ARM64.Build.0 = AppStore|iPhoneSimulator
		{12E4C519-4C0B-4D6F-BFD6-39BB499B00FD}.AppStore|iPhone.ActiveCfg = AppStore|iPhone
		{12E4C519-4C0B-4D6F-BFD6-39BB499B00FD}.AppStore|iPhone.Build.0 = AppStore|iPhone
		{12E4C519-4C0B-4D6F-BFD6-39BB499B00FD}.AppStore|iPhoneSimulator.ActiveCfg = AppStore|iPhoneSimulator
		{12E4C519-4C0B-4D6F-BFD6-39BB499B00FD}.AppStore|iPhoneSimulator.Build.0 = AppStore|iPhoneSimulator
		{12E4C519-4C0B-4D6F-BFD6-39BB499B00FD}.AppStore|x64.ActiveCfg = AppStore|iPhoneSimulator
		{12E4C519-4C0B-4D6F-BFD6-39BB499B00FD}.AppStore|x64.Build.0 = AppStore|iPhoneSimulator
		{12E4C519-4C0B-4D6F-BFD6-39BB499B00FD}.AppStore|x86.ActiveCfg = AppStore|iPhoneSimulator
		{12E4C519-4C0B-4D6F-BFD6-39BB499B00FD}.AppStore|x86.Build.0 = AppStore|iPhoneSimulator
		{12E4C519-4C0B-4D6F-BFD6-39BB499B00FD}.Debug|Any CPU.ActiveCfg = Debug|iPhoneSimulator
		{12E4C519-4C0B-4D6F-BFD6-39BB499B00FD}.Debug|Any CPU.Build.0 = Debug|iPhoneSimulator
		{12E4C519-4C0B-4D6F-BFD6-39BB499B00FD}.Debug|ARM.ActiveCfg = Debug|iPhoneSimulator
		{12E4C519-4C0B-4D6F-BFD6-39BB499B00FD}.Debug|ARM.Build.0 = Debug|iPhoneSimulator
		{12E4C519-4C0B-4D6F-BFD6-39BB499B00FD}.Debug|ARM64.ActiveCfg = Debug|iPhoneSimulator
		{12E4C519-4C0B-4D6F-BFD6-39BB499B00FD}.Debug|ARM64.Build.0 = Debug|iPhoneSimulator
		{12E4C519-4C0B-4D6F-BFD6-39BB499B00FD}.Debug|iPhone.ActiveCfg = Debug|iPhone
		{12E4C519-4C0B-4D6F-BFD6-39BB499B00FD}.Debug|iPhone.Build.0 = Debug|iPhone
		{12E4C519-4C0B-4D6F-BFD6-39BB499B00FD}.Debug|iPhoneSimulator.ActiveCfg = Debug|iPhoneSimulator
		{12E4C519-4C0B-4D6F-BFD6-39BB499B00FD}.Debug|iPhoneSimulator.Build.0 = Debug|iPhoneSimulator
		{12E4C519-4C0B-4D6F-BFD6-39BB499B00FD}.Debug|x64.ActiveCfg = Debug|iPhoneSimulator
		{12E4C519-4C0B-4D6F-BFD6-39BB499B00FD}.Debug|x64.Build.0 = Debug|iPhoneSimulator
		{12E4C519-4C0B-4D6F-BFD6-39BB499B00FD}.Debug|x86.ActiveCfg = Debug|iPhoneSimulator
		{12E4C519-4C0B-4D6F-BFD6-39BB499B00FD}.Debug|x86.Build.0 = Debug|iPhoneSimulator
		{12E4C519-4C0B-4D6F-BFD6-39BB499B00FD}.Release|Any CPU.ActiveCfg = Release|iPhoneSimulator
		{12E4C519-4C0B-4D6F-BFD6-39BB499B00FD}.Release|Any CPU.Build.0 = Release|iPhoneSimulator
		{12E4C519-4C0B-4D6F-BFD6-39BB499B00FD}.Release|ARM.ActiveCfg = Release|iPhoneSimulator
		{12E4C519-4C0B-4D6F-BFD6-39BB499B00FD}.Release|ARM.Build.0 = Release|iPhoneSimulator
		{12E4C519-4C0B-4D6F-BFD6-39BB499B00FD}.Release|ARM64.ActiveCfg = Release|iPhoneSimulator
		{12E4C519-4C0B-4D6F-BFD6-39BB499B00FD}.Release|ARM64.Build.0 = Release|iPhoneSimulator
		{12E4C519-4C0B-4D6F-BFD6-39BB499B00FD}.Release|iPhone.ActiveCfg = Release|iPhone
		{12E4C519-4C0B-4D6F-BFD6-39BB499B00FD}.Release|iPhone.Build.0 = Release|iPhone
		{12E4C519-4C0B-4D6F-BFD6-39BB499B00FD}.Release|iPhoneSimulator.ActiveCfg = Release|iPhoneSimulator
		{12E4C519-4C0B-4D6F-BFD6-39BB499B00FD}.Release|iPhoneSimulator.Build.0 = Release|iPhoneSimulator
		{12E4C519-4C0B-4D6F-BFD6-39BB499B00FD}.Release|x64.ActiveCfg = Release|iPhoneSimulator
		{12E4C519-4C0B-4D6F-BFD6-39BB499B00FD}.Release|x64.Build.0 = Release|iPhoneSimulator
		{12E4C519-4C0B-4D6F-BFD6-39BB499B00FD}.Release|x86.ActiveCfg = Release|iPhoneSimulator
		{12E4C519-4C0B-4D6F-BFD6-39BB499B00FD}.Release|x86.Build.0 = Release|iPhoneSimulator
		{C8BDC767-8A57-423A-B3CB-DF6A530B6F34}.Ad-Hoc|Any CPU.ActiveCfg = Debug|x86
		{C8BDC767-8A57-423A-B3CB-DF6A530B6F34}.Ad-Hoc|Any CPU.Build.0 = Debug|x86
		{C8BDC767-8A57-423A-B3CB-DF6A530B6F34}.Ad-Hoc|Any CPU.Deploy.0 = Debug|x86
		{C8BDC767-8A57-423A-B3CB-DF6A530B6F34}.Ad-Hoc|ARM.ActiveCfg = Debug|ARM
		{C8BDC767-8A57-423A-B3CB-DF6A530B6F34}.Ad-Hoc|ARM.Build.0 = Debug|ARM
		{C8BDC767-8A57-423A-B3CB-DF6A530B6F34}.Ad-Hoc|ARM.Deploy.0 = Debug|ARM
		{C8BDC767-8A57-423A-B3CB-DF6A530B6F34}.Ad-Hoc|ARM64.ActiveCfg = Debug|ARM64
		{C8BDC767-8A57-423A-B3CB-DF6A530B6F34}.Ad-Hoc|ARM64.Build.0 = Debug|ARM64
		{C8BDC767-8A57-423A-B3CB-DF6A530B6F34}.Ad-Hoc|ARM64.Deploy.0 = Debug|ARM64
		{C8BDC767-8A57-423A-B3CB-DF6A530B6F34}.Ad-Hoc|iPhone.ActiveCfg = Debug|x86
		{C8BDC767-8A57-423A-B3CB-DF6A530B6F34}.Ad-Hoc|iPhone.Build.0 = Debug|x86
		{C8BDC767-8A57-423A-B3CB-DF6A530B6F34}.Ad-Hoc|iPhone.Deploy.0 = Debug|x86
		{C8BDC767-8A57-423A-B3CB-DF6A530B6F34}.Ad-Hoc|iPhoneSimulator.ActiveCfg = Debug|x86
		{C8BDC767-8A57-423A-B3CB-DF6A530B6F34}.Ad-Hoc|iPhoneSimulator.Build.0 = Debug|x86
		{C8BDC767-8A57-423A-B3CB-DF6A530B6F34}.Ad-Hoc|iPhoneSimulator.Deploy.0 = Debug|x86
		{C8BDC767-8A57-423A-B3CB-DF6A530B6F34}.Ad-Hoc|x64.ActiveCfg = Debug|x64
		{C8BDC767-8A57-423A-B3CB-DF6A530B6F34}.Ad-Hoc|x64.Build.0 = Debug|x64
		{C8BDC767-8A57-423A-B3CB-DF6A530B6F34}.Ad-Hoc|x64.Deploy.0 = Debug|x64
		{C8BDC767-8A57-423A-B3CB-DF6A530B6F34}.Ad-Hoc|x86.ActiveCfg = Debug|x86
		{C8BDC767-8A57-423A-B3CB-DF6A530B6F34}.Ad-Hoc|x86.Build.0 = Debug|x86
		{C8BDC767-8A57-423A-B3CB-DF6A530B6F34}.Ad-Hoc|x86.Deploy.0 = Debug|x86
		{C8BDC767-8A57-423A-B3CB-DF6A530B6F34}.AppStore|Any CPU.ActiveCfg = Debug|x86
		{C8BDC767-8A57-423A-B3CB-DF6A530B6F34}.AppStore|Any CPU.Build.0 = Debug|x86
		{C8BDC767-8A57-423A-B3CB-DF6A530B6F34}.AppStore|Any CPU.Deploy.0 = Debug|x86
		{C8BDC767-8A57-423A-B3CB-DF6A530B6F34}.AppStore|ARM.ActiveCfg = Debug|ARM
		{C8BDC767-8A57-423A-B3CB-DF6A530B6F34}.AppStore|ARM.Build.0 = Debug|ARM
		{C8BDC767-8A57-423A-B3CB-DF6A530B6F34}.AppStore|ARM.Deploy.0 = Debug|ARM
		{C8BDC767-8A57-423A-B3CB-DF6A530B6F34}.AppStore|ARM64.ActiveCfg = Debug|ARM64
		{C8BDC767-8A57-423A-B3CB-DF6A530B6F34}.AppStore|ARM64.Build.0 = Debug|ARM64
		{C8BDC767-8A57-423A-B3CB-DF6A530B6F34}.AppStore|ARM64.Deploy.0 = Debug|ARM64
		{C8BDC767-8A57-423A-B3CB-DF6A530B6F34}.AppStore|iPhone.ActiveCfg = Debug|x86
		{C8BDC767-8A57-423A-B3CB-DF6A530B6F34}.AppStore|iPhone.Build.0 = Debug|x86
		{C8BDC767-8A57-423A-B3CB-DF6A530B6F34}.AppStore|iPhone.Deploy.0 = Debug|x86
		{C8BDC767-8A57-423A-B3CB-DF6A530B6F34}.AppStore|iPhoneSimulator.ActiveCfg = Debug|x86
		{C8BDC767-8A57-423A-B3CB-DF6A530B6F34}.AppStore|iPhoneSimulator.Build.0 = Debug|x86
		{C8BDC767-8A57-423A-B3CB-DF6A530B6F34}.AppStore|iPhoneSimulator.Deploy.0 = Debug|x86
		{C8BDC767-8A57-423A-B3CB-DF6A530B6F34}.AppStore|x64.ActiveCfg = Debug|x64
		{C8BDC767-8A57-423A-B3CB-DF6A530B6F34}.AppStore|x64.Build.0 = Debug|x64
		{C8BDC767-8A57-423A-B3CB-DF6A530B6F34}.AppStore|x64.Deploy.0 = Debug|x64
		{C8BDC767-8A57-423A-B3CB-DF6A530B6F34}.AppStore|x86.ActiveCfg = Debug|x86
		{C8BDC767-8A57-423A-B3CB-DF6A530B6F34}.AppStore|x86.Build.0 = Debug|x86
		{C8BDC767-8A57-423A-B3CB-DF6A530B6F34}.AppStore|x86.Deploy.0 = Debug|x86
		{C8BDC767-8A57-423A-B3CB-DF6A530B6F34}.Debug|Any CPU.ActiveCfg = Debug|x64
		{C8BDC767-8A57-423A-B3CB-DF6A530B6F34}.Debug|Any CPU.Build.0 = Debug|x64
		{C8BDC767-8A57-423A-B3CB-DF6A530B6F34}.Debug|Any CPU.Deploy.0 = Debug|x64
		{C8BDC767-8A57-423A-B3CB-DF6A530B6F34}.Debug|ARM.ActiveCfg = Debug|ARM
		{C8BDC767-8A57-423A-B3CB-DF6A530B6F34}.Debug|ARM.Build.0 = Debug|ARM
		{C8BDC767-8A57-423A-B3CB-DF6A530B6F34}.Debug|ARM.Deploy.0 = Debug|ARM
		{C8BDC767-8A57-423A-B3CB-DF6A530B6F34}.Debug|ARM64.ActiveCfg = Debug|ARM64
		{C8BDC767-8A57-423A-B3CB-DF6A530B6F34}.Debug|ARM64.Build.0 = Debug|ARM64
		{C8BDC767-8A57-423A-B3CB-DF6A530B6F34}.Debug|ARM64.Deploy.0 = Debug|ARM64
		{C8BDC767-8A57-423A-B3CB-DF6A530B6F34}.Debug|iPhone.ActiveCfg = Debug|x64
		{C8BDC767-8A57-423A-B3CB-DF6A530B6F34}.Debug|iPhone.Build.0 = Debug|x64
		{C8BDC767-8A57-423A-B3CB-DF6A530B6F34}.Debug|iPhone.Deploy.0 = Debug|x64
		{C8BDC767-8A57-423A-B3CB-DF6A530B6F34}.Debug|iPhoneSimulator.ActiveCfg = Debug|x64
		{C8BDC767-8A57-423A-B3CB-DF6A530B6F34}.Debug|iPhoneSimulator.Build.0 = Debug|x64
		{C8BDC767-8A57-423A-B3CB-DF6A530B6F34}.Debug|iPhoneSimulator.Deploy.0 = Debug|x64
		{C8BDC767-8A57-423A-B3CB-DF6A530B6F34}.Debug|x64.ActiveCfg = Debug|x64
		{C8BDC767-8A57-423A-B3CB-DF6A530B6F34}.Debug|x64.Build.0 = Debug|x64
		{C8BDC767-8A57-423A-B3CB-DF6A530B6F34}.Debug|x64.Deploy.0 = Debug|x64
		{C8BDC767-8A57-423A-B3CB-DF6A530B6F34}.Debug|x86.ActiveCfg = Debug|x86
		{C8BDC767-8A57-423A-B3CB-DF6A530B6F34}.Debug|x86.Build.0 = Debug|x86
		{C8BDC767-8A57-423A-B3CB-DF6A530B6F34}.Debug|x86.Deploy.0 = Debug|x86
		{C8BDC767-8A57-423A-B3CB-DF6A530B6F34}.Release|Any CPU.ActiveCfg = Release|x64
		{C8BDC767-8A57-423A-B3CB-DF6A530B6F34}.Release|Any CPU.Build.0 = Release|x64
		{C8BDC767-8A57-423A-B3CB-DF6A530B6F34}.Release|Any CPU.Deploy.0 = Release|x64
		{C8BDC767-8A57-423A-B3CB-DF6A530B6F34}.Release|ARM.ActiveCfg = Release|ARM
		{C8BDC767-8A57-423A-B3CB-DF6A530B6F34}.Release|ARM.Build.0 = Release|ARM
		{C8BDC767-8A57-423A-B3CB-DF6A530B6F34}.Release|ARM.Deploy.0 = Release|ARM
		{C8BDC767-8A57-423A-B3CB-DF6A530B6F34}.Release|ARM64.ActiveCfg = Release|ARM64
		{C8BDC767-8A57-423A-B3CB-DF6A530B6F34}.Release|ARM64.Build.0 = Release|ARM64
		{C8BDC767-8A57-423A-B3CB-DF6A530B6F34}.Release|ARM64.Deploy.0 = Release|ARM64
		{C8BDC767-8A57-423A-B3CB-DF6A530B6F34}.Release|iPhone.ActiveCfg = Release|x64
		{C8BDC767-8A57-423A-B3CB-DF6A530B6F34}.Release|iPhone.Build.0 = Release|x64
		{C8BDC767-8A57-423A-B3CB-DF6A530B6F34}.Release|iPhone.Deploy.0 = Release|x64
		{C8BDC767-8A57-423A-B3CB-DF6A530B6F34}.Release|iPhoneSimulator.ActiveCfg = Release|x64
		{C8BDC767-8A57-423A-B3CB-DF6A530B6F34}.Release|iPhoneSimulator.Build.0 = Release|x64
		{C8BDC767-8A57-423A-B3CB-DF6A530B6F34}.Release|iPhoneSimulator.Deploy.0 = Release|x64
		{C8BDC767-8A57-423A-B3CB-DF6A530B6F34}.Release|x64.ActiveCfg = Release|x64
		{C8BDC767-8A57-423A-B3CB-DF6A530B6F34}.Release|x64.Build.0 = Release|x64
		{C8BDC767-8A57-423A-B3CB-DF6A530B6F34}.Release|x64.Deploy.0 = Release|x64
		{C8BDC767-8A57-423A-B3CB-DF6A530B6F34}.Release|x86.ActiveCfg = Release|x86
		{C8BDC767-8A57-423A-B3CB-DF6A530B6F34}.Release|x86.Build.0 = Release|x86
		{C8BDC767-8A57-423A-B3CB-DF6A530B6F34}.Release|x86.Deploy.0 = Release|x86
		{F8B575EC-9CBC-43C8-95B0-E3E566D1F376}.Ad-Hoc|Any CPU.ActiveCfg = Debug|Any CPU
		{F8B575EC-9CBC-43C8-95B0-E3E566D1F376}.Ad-Hoc|Any CPU.Build.0 = Debug|Any CPU
		{F8B575EC-9CBC-43C8-95B0-E3E566D1F376}.Ad-Hoc|ARM.ActiveCfg = Debug|Any CPU
		{F8B575EC-9CBC-43C8-95B0-E3E566D1F376}.Ad-Hoc|ARM.Build.0 = Debug|Any CPU
		{F8B575EC-9CBC-43C8-95B0-E3E566D1F376}.Ad-Hoc|ARM64.ActiveCfg = Debug|Any CPU
		{F8B575EC-9CBC-43C8-95B0-E3E566D1F376}.Ad-Hoc|ARM64.Build.0 = Debug|Any CPU
		{F8B575EC-9CBC-43C8-95B0-E3E566D1F376}.Ad-Hoc|iPhone.ActiveCfg = Debug|Any CPU
		{F8B575EC-9CBC-43C8-95B0-E3E566D1F376}.Ad-Hoc|iPhone.Build.0 = Debug|Any CPU
		{F8B575EC-9CBC-43C8-95B0-E3E566D1F376}.Ad-Hoc|iPhoneSimulator.ActiveCfg = Debug|Any CPU
		{F8B575EC-9CBC-43C8-95B0-E3E566D1F376}.Ad-Hoc|iPhoneSimulator.Build.0 = Debug|Any CPU
		{F8B575EC-9CBC-43C8-95B0-E3E566D1F376}.Ad-Hoc|x64.ActiveCfg = Debug|Any CPU
		{F8B575EC-9CBC-43C8-95B0-E3E566D1F376}.Ad-Hoc|x64.Build.0 = Debug|Any CPU
		{F8B575EC-9CBC-43C8-95B0-E3E566D1F376}.Ad-Hoc|x86.ActiveCfg = Debug|Any CPU
		{F8B575EC-9CBC-43C8-95B0-E3E566D1F376}.Ad-Hoc|x86.Build.0 = Debug|Any CPU
		{F8B575EC-9CBC-43C8-95B0-E3E566D1F376}.AppStore|Any CPU.ActiveCfg = Debug|Any CPU
		{F8B575EC-9CBC-43C8-95B0-E3E566D1F376}.AppStore|Any CPU.Build.0 = Debug|Any CPU
		{F8B575EC-9CBC-43C8-95B0-E3E566D1F376}.AppStore|ARM.ActiveCfg = Debug|Any CPU
		{F8B575EC-9CBC-43C8-95B0-E3E566D1F376}.AppStore|ARM.Build.0 = Debug|Any CPU
		{F8B575EC-9CBC-43C8-95B0-E3E566D1F376}.AppStore|ARM64.ActiveCfg = Debug|Any CPU
		{F8B575EC-9CBC-43C8-95B0-E3E566D1F376}.AppStore|ARM64.Build.0 = Debug|Any CPU
		{F8B575EC-9CBC-43C8-95B0-E3E566D1F376}.AppStore|iPhone.ActiveCfg = Debug|Any CPU
		{F8B575EC-9CBC-43C8-95B0-E3E566D1F376}.AppStore|iPhone.Build.0 = Debug|Any CPU
		{F8B575EC-9CBC-43C8-95B0-E3E566D1F376}.AppStore|iPhoneSimulator.ActiveCfg = Debug|Any CPU
		{F8B575EC-9CBC-43C8-95B0-E3E566D1F376}.AppStore|iPhoneSimulator.Build.0 = Debug|Any CPU
		{F8B575EC-9CBC-43C8-95B0-E3E566D1F376}.AppStore|x64.ActiveCfg = Debug|Any CPU
		{F8B575EC-9CBC-43C8-95B0-E3E566D1F376}.AppStore|x64.Build.0 = Debug|Any CPU
		{F8B575EC-9CBC-43C8-95B0-E3E566D1F376}.AppStore|x86.ActiveCfg = Debug|Any CPU
		{F8B575EC-9CBC-43C8-95B0-E3E566D1F376}.AppStore|x86.Build.0 = Debug|Any CPU
		{F8B575EC-9CBC-43C8-95B0-E3E566D1F376}.Debug|Any CPU.ActiveCfg = Debug|Any CPU
		{F8B575EC-9CBC-43C8-95B0-E3E566D1F376}.Debug|Any CPU.Build.0 = Debug|Any CPU
		{F8B575EC-9CBC-43C8-95B0-E3E566D1F376}.Debug|ARM.ActiveCfg = Debug|Any CPU
		{F8B575EC-9CBC-43C8-95B0-E3E566D1F376}.Debug|ARM.Build.0 = Debug|Any CPU
		{F8B575EC-9CBC-43C8-95B0-E3E566D1F376}.Debug|ARM64.ActiveCfg = Debug|Any CPU
		{F8B575EC-9CBC-43C8-95B0-E3E566D1F376}.Debug|ARM64.Build.0 = Debug|Any CPU
		{F8B575EC-9CBC-43C8-95B0-E3E566D1F376}.Debug|iPhone.ActiveCfg = Debug|Any CPU
		{F8B575EC-9CBC-43C8-95B0-E3E566D1F376}.Debug|iPhone.Build.0 = Debug|Any CPU
		{F8B575EC-9CBC-43C8-95B0-E3E566D1F376}.Debug|iPhoneSimulator.ActiveCfg = Debug|Any CPU
		{F8B575EC-9CBC-43C8-95B0-E3E566D1F376}.Debug|iPhoneSimulator.Build.0 = Debug|Any CPU
		{F8B575EC-9CBC-43C8-95B0-E3E566D1F376}.Debug|x64.ActiveCfg = Debug|Any CPU
		{F8B575EC-9CBC-43C8-95B0-E3E566D1F376}.Debug|x64.Build.0 = Debug|Any CPU
		{F8B575EC-9CBC-43C8-95B0-E3E566D1F376}.Debug|x86.ActiveCfg = Debug|Any CPU
		{F8B575EC-9CBC-43C8-95B0-E3E566D1F376}.Debug|x86.Build.0 = Debug|Any CPU
		{F8B575EC-9CBC-43C8-95B0-E3E566D1F376}.Release|Any CPU.ActiveCfg = Release|Any CPU
		{F8B575EC-9CBC-43C8-95B0-E3E566D1F376}.Release|Any CPU.Build.0 = Release|Any CPU
		{F8B575EC-9CBC-43C8-95B0-E3E566D1F376}.Release|ARM.ActiveCfg = Release|Any CPU
		{F8B575EC-9CBC-43C8-95B0-E3E566D1F376}.Release|ARM.Build.0 = Release|Any CPU
		{F8B575EC-9CBC-43C8-95B0-E3E566D1F376}.Release|ARM64.ActiveCfg = Release|Any CPU
		{F8B575EC-9CBC-43C8-95B0-E3E566D1F376}.Release|ARM64.Build.0 = Release|Any CPU
		{F8B575EC-9CBC-43C8-95B0-E3E566D1F376}.Release|iPhone.ActiveCfg = Release|Any CPU
		{F8B575EC-9CBC-43C8-95B0-E3E566D1F376}.Release|iPhone.Build.0 = Release|Any CPU
		{F8B575EC-9CBC-43C8-95B0-E3E566D1F376}.Release|iPhoneSimulator.ActiveCfg = Release|Any CPU
		{F8B575EC-9CBC-43C8-95B0-E3E566D1F376}.Release|iPhoneSimulator.Build.0 = Release|Any CPU
		{F8B575EC-9CBC-43C8-95B0-E3E566D1F376}.Release|x64.ActiveCfg = Release|Any CPU
		{F8B575EC-9CBC-43C8-95B0-E3E566D1F376}.Release|x64.Build.0 = Release|Any CPU
		{F8B575EC-9CBC-43C8-95B0-E3E566D1F376}.Release|x86.ActiveCfg = Release|Any CPU
		{F8B575EC-9CBC-43C8-95B0-E3E566D1F376}.Release|x86.Build.0 = Release|Any CPU
		{22F2190E-B948-4E96-994E-0B1C10CD2CBA}.Ad-Hoc|Any CPU.ActiveCfg = Debug|iPhoneSimulator
		{22F2190E-B948-4E96-994E-0B1C10CD2CBA}.Ad-Hoc|Any CPU.Build.0 = Debug|iPhoneSimulator
		{22F2190E-B948-4E96-994E-0B1C10CD2CBA}.Ad-Hoc|ARM.ActiveCfg = Debug|iPhoneSimulator
		{22F2190E-B948-4E96-994E-0B1C10CD2CBA}.Ad-Hoc|ARM.Build.0 = Debug|iPhoneSimulator
		{22F2190E-B948-4E96-994E-0B1C10CD2CBA}.Ad-Hoc|ARM64.ActiveCfg = Debug|iPhoneSimulator
		{22F2190E-B948-4E96-994E-0B1C10CD2CBA}.Ad-Hoc|ARM64.Build.0 = Debug|iPhoneSimulator
		{22F2190E-B948-4E96-994E-0B1C10CD2CBA}.Ad-Hoc|iPhone.ActiveCfg = Debug|iPhoneSimulator
		{22F2190E-B948-4E96-994E-0B1C10CD2CBA}.Ad-Hoc|iPhone.Build.0 = Debug|iPhoneSimulator
		{22F2190E-B948-4E96-994E-0B1C10CD2CBA}.Ad-Hoc|iPhoneSimulator.ActiveCfg = Debug|iPhoneSimulator
		{22F2190E-B948-4E96-994E-0B1C10CD2CBA}.Ad-Hoc|iPhoneSimulator.Build.0 = Debug|iPhoneSimulator
		{22F2190E-B948-4E96-994E-0B1C10CD2CBA}.Ad-Hoc|x64.ActiveCfg = Debug|iPhoneSimulator
		{22F2190E-B948-4E96-994E-0B1C10CD2CBA}.Ad-Hoc|x64.Build.0 = Debug|iPhoneSimulator
		{22F2190E-B948-4E96-994E-0B1C10CD2CBA}.Ad-Hoc|x86.ActiveCfg = Debug|iPhoneSimulator
		{22F2190E-B948-4E96-994E-0B1C10CD2CBA}.Ad-Hoc|x86.Build.0 = Debug|iPhoneSimulator
		{22F2190E-B948-4E96-994E-0B1C10CD2CBA}.AppStore|Any CPU.ActiveCfg = Debug|iPhoneSimulator
		{22F2190E-B948-4E96-994E-0B1C10CD2CBA}.AppStore|Any CPU.Build.0 = Debug|iPhoneSimulator
		{22F2190E-B948-4E96-994E-0B1C10CD2CBA}.AppStore|ARM.ActiveCfg = Debug|iPhoneSimulator
		{22F2190E-B948-4E96-994E-0B1C10CD2CBA}.AppStore|ARM.Build.0 = Debug|iPhoneSimulator
		{22F2190E-B948-4E96-994E-0B1C10CD2CBA}.AppStore|ARM64.ActiveCfg = Debug|iPhoneSimulator
		{22F2190E-B948-4E96-994E-0B1C10CD2CBA}.AppStore|ARM64.Build.0 = Debug|iPhoneSimulator
		{22F2190E-B948-4E96-994E-0B1C10CD2CBA}.AppStore|iPhone.ActiveCfg = Debug|iPhoneSimulator
		{22F2190E-B948-4E96-994E-0B1C10CD2CBA}.AppStore|iPhone.Build.0 = Debug|iPhoneSimulator
		{22F2190E-B948-4E96-994E-0B1C10CD2CBA}.AppStore|iPhoneSimulator.ActiveCfg = Debug|iPhoneSimulator
		{22F2190E-B948-4E96-994E-0B1C10CD2CBA}.AppStore|iPhoneSimulator.Build.0 = Debug|iPhoneSimulator
		{22F2190E-B948-4E96-994E-0B1C10CD2CBA}.AppStore|x64.ActiveCfg = Debug|iPhoneSimulator
		{22F2190E-B948-4E96-994E-0B1C10CD2CBA}.AppStore|x64.Build.0 = Debug|iPhoneSimulator
		{22F2190E-B948-4E96-994E-0B1C10CD2CBA}.AppStore|x86.ActiveCfg = Debug|iPhoneSimulator
		{22F2190E-B948-4E96-994E-0B1C10CD2CBA}.AppStore|x86.Build.0 = Debug|iPhoneSimulator
		{22F2190E-B948-4E96-994E-0B1C10CD2CBA}.Debug|Any CPU.ActiveCfg = Debug|iPhoneSimulator
		{22F2190E-B948-4E96-994E-0B1C10CD2CBA}.Debug|Any CPU.Build.0 = Debug|iPhoneSimulator
		{22F2190E-B948-4E96-994E-0B1C10CD2CBA}.Debug|ARM.ActiveCfg = Debug|iPhoneSimulator
		{22F2190E-B948-4E96-994E-0B1C10CD2CBA}.Debug|ARM.Build.0 = Debug|iPhoneSimulator
		{22F2190E-B948-4E96-994E-0B1C10CD2CBA}.Debug|ARM64.ActiveCfg = Debug|iPhoneSimulator
		{22F2190E-B948-4E96-994E-0B1C10CD2CBA}.Debug|ARM64.Build.0 = Debug|iPhoneSimulator
		{22F2190E-B948-4E96-994E-0B1C10CD2CBA}.Debug|iPhone.ActiveCfg = Debug|iPhoneSimulator
		{22F2190E-B948-4E96-994E-0B1C10CD2CBA}.Debug|iPhone.Build.0 = Debug|iPhoneSimulator
		{22F2190E-B948-4E96-994E-0B1C10CD2CBA}.Debug|iPhoneSimulator.ActiveCfg = Debug|iPhoneSimulator
		{22F2190E-B948-4E96-994E-0B1C10CD2CBA}.Debug|iPhoneSimulator.Build.0 = Debug|iPhoneSimulator
		{22F2190E-B948-4E96-994E-0B1C10CD2CBA}.Debug|x64.ActiveCfg = Debug|iPhoneSimulator
		{22F2190E-B948-4E96-994E-0B1C10CD2CBA}.Debug|x64.Build.0 = Debug|iPhoneSimulator
		{22F2190E-B948-4E96-994E-0B1C10CD2CBA}.Debug|x86.ActiveCfg = Debug|iPhoneSimulator
		{22F2190E-B948-4E96-994E-0B1C10CD2CBA}.Debug|x86.Build.0 = Debug|iPhoneSimulator
		{22F2190E-B948-4E96-994E-0B1C10CD2CBA}.Release|Any CPU.ActiveCfg = Release|iPhoneSimulator
		{22F2190E-B948-4E96-994E-0B1C10CD2CBA}.Release|Any CPU.Build.0 = Release|iPhoneSimulator
		{22F2190E-B948-4E96-994E-0B1C10CD2CBA}.Release|ARM.ActiveCfg = Release|iPhoneSimulator
		{22F2190E-B948-4E96-994E-0B1C10CD2CBA}.Release|ARM.Build.0 = Release|iPhoneSimulator
		{22F2190E-B948-4E96-994E-0B1C10CD2CBA}.Release|ARM64.ActiveCfg = Release|iPhoneSimulator
		{22F2190E-B948-4E96-994E-0B1C10CD2CBA}.Release|ARM64.Build.0 = Release|iPhoneSimulator
		{22F2190E-B948-4E96-994E-0B1C10CD2CBA}.Release|iPhone.ActiveCfg = Release|iPhoneSimulator
		{22F2190E-B948-4E96-994E-0B1C10CD2CBA}.Release|iPhone.Build.0 = Release|iPhoneSimulator
		{22F2190E-B948-4E96-994E-0B1C10CD2CBA}.Release|iPhoneSimulator.ActiveCfg = Release|iPhoneSimulator
		{22F2190E-B948-4E96-994E-0B1C10CD2CBA}.Release|iPhoneSimulator.Build.0 = Release|iPhoneSimulator
		{22F2190E-B948-4E96-994E-0B1C10CD2CBA}.Release|x64.ActiveCfg = Release|iPhoneSimulator
		{22F2190E-B948-4E96-994E-0B1C10CD2CBA}.Release|x64.Build.0 = Release|iPhoneSimulator
		{22F2190E-B948-4E96-994E-0B1C10CD2CBA}.Release|x86.ActiveCfg = Release|iPhoneSimulator
		{22F2190E-B948-4E96-994E-0B1C10CD2CBA}.Release|x86.Build.0 = Release|iPhoneSimulator
		{11D9A8F9-47D2-4ED1-A687-F51F345599C7}.Ad-Hoc|Any CPU.ActiveCfg = Debug|Any CPU
		{11D9A8F9-47D2-4ED1-A687-F51F345599C7}.Ad-Hoc|Any CPU.Build.0 = Debug|Any CPU
		{11D9A8F9-47D2-4ED1-A687-F51F345599C7}.Ad-Hoc|ARM.ActiveCfg = Debug|Any CPU
		{11D9A8F9-47D2-4ED1-A687-F51F345599C7}.Ad-Hoc|ARM.Build.0 = Debug|Any CPU
		{11D9A8F9-47D2-4ED1-A687-F51F345599C7}.Ad-Hoc|ARM64.ActiveCfg = Debug|Any CPU
		{11D9A8F9-47D2-4ED1-A687-F51F345599C7}.Ad-Hoc|ARM64.Build.0 = Debug|Any CPU
		{11D9A8F9-47D2-4ED1-A687-F51F345599C7}.Ad-Hoc|iPhone.ActiveCfg = Debug|Any CPU
		{11D9A8F9-47D2-4ED1-A687-F51F345599C7}.Ad-Hoc|iPhone.Build.0 = Debug|Any CPU
		{11D9A8F9-47D2-4ED1-A687-F51F345599C7}.Ad-Hoc|iPhoneSimulator.ActiveCfg = Debug|Any CPU
		{11D9A8F9-47D2-4ED1-A687-F51F345599C7}.Ad-Hoc|iPhoneSimulator.Build.0 = Debug|Any CPU
		{11D9A8F9-47D2-4ED1-A687-F51F345599C7}.Ad-Hoc|x64.ActiveCfg = Debug|Any CPU
		{11D9A8F9-47D2-4ED1-A687-F51F345599C7}.Ad-Hoc|x64.Build.0 = Debug|Any CPU
		{11D9A8F9-47D2-4ED1-A687-F51F345599C7}.Ad-Hoc|x86.ActiveCfg = Debug|Any CPU
		{11D9A8F9-47D2-4ED1-A687-F51F345599C7}.Ad-Hoc|x86.Build.0 = Debug|Any CPU
		{11D9A8F9-47D2-4ED1-A687-F51F345599C7}.AppStore|Any CPU.ActiveCfg = Debug|Any CPU
		{11D9A8F9-47D2-4ED1-A687-F51F345599C7}.AppStore|Any CPU.Build.0 = Debug|Any CPU
		{11D9A8F9-47D2-4ED1-A687-F51F345599C7}.AppStore|ARM.ActiveCfg = Debug|Any CPU
		{11D9A8F9-47D2-4ED1-A687-F51F345599C7}.AppStore|ARM.Build.0 = Debug|Any CPU
		{11D9A8F9-47D2-4ED1-A687-F51F345599C7}.AppStore|ARM64.ActiveCfg = Debug|Any CPU
		{11D9A8F9-47D2-4ED1-A687-F51F345599C7}.AppStore|ARM64.Build.0 = Debug|Any CPU
		{11D9A8F9-47D2-4ED1-A687-F51F345599C7}.AppStore|iPhone.ActiveCfg = Debug|Any CPU
		{11D9A8F9-47D2-4ED1-A687-F51F345599C7}.AppStore|iPhone.Build.0 = Debug|Any CPU
		{11D9A8F9-47D2-4ED1-A687-F51F345599C7}.AppStore|iPhoneSimulator.ActiveCfg = Debug|Any CPU
		{11D9A8F9-47D2-4ED1-A687-F51F345599C7}.AppStore|iPhoneSimulator.Build.0 = Debug|Any CPU
		{11D9A8F9-47D2-4ED1-A687-F51F345599C7}.AppStore|x64.ActiveCfg = Debug|Any CPU
		{11D9A8F9-47D2-4ED1-A687-F51F345599C7}.AppStore|x64.Build.0 = Debug|Any CPU
		{11D9A8F9-47D2-4ED1-A687-F51F345599C7}.AppStore|x86.ActiveCfg = Debug|Any CPU
		{11D9A8F9-47D2-4ED1-A687-F51F345599C7}.AppStore|x86.Build.0 = Debug|Any CPU
		{11D9A8F9-47D2-4ED1-A687-F51F345599C7}.Debug|Any CPU.ActiveCfg = Debug|Any CPU
		{11D9A8F9-47D2-4ED1-A687-F51F345599C7}.Debug|Any CPU.Build.0 = Debug|Any CPU
		{11D9A8F9-47D2-4ED1-A687-F51F345599C7}.Debug|ARM.ActiveCfg = Debug|Any CPU
		{11D9A8F9-47D2-4ED1-A687-F51F345599C7}.Debug|ARM.Build.0 = Debug|Any CPU
		{11D9A8F9-47D2-4ED1-A687-F51F345599C7}.Debug|ARM64.ActiveCfg = Debug|Any CPU
		{11D9A8F9-47D2-4ED1-A687-F51F345599C7}.Debug|ARM64.Build.0 = Debug|Any CPU
		{11D9A8F9-47D2-4ED1-A687-F51F345599C7}.Debug|iPhone.ActiveCfg = Debug|Any CPU
		{11D9A8F9-47D2-4ED1-A687-F51F345599C7}.Debug|iPhone.Build.0 = Debug|Any CPU
		{11D9A8F9-47D2-4ED1-A687-F51F345599C7}.Debug|iPhoneSimulator.ActiveCfg = Debug|Any CPU
		{11D9A8F9-47D2-4ED1-A687-F51F345599C7}.Debug|iPhoneSimulator.Build.0 = Debug|Any CPU
		{11D9A8F9-47D2-4ED1-A687-F51F345599C7}.Debug|x64.ActiveCfg = Debug|Any CPU
		{11D9A8F9-47D2-4ED1-A687-F51F345599C7}.Debug|x64.Build.0 = Debug|Any CPU
		{11D9A8F9-47D2-4ED1-A687-F51F345599C7}.Debug|x86.ActiveCfg = Debug|Any CPU
		{11D9A8F9-47D2-4ED1-A687-F51F345599C7}.Debug|x86.Build.0 = Debug|Any CPU
		{11D9A8F9-47D2-4ED1-A687-F51F345599C7}.Release|Any CPU.ActiveCfg = Release|Any CPU
		{11D9A8F9-47D2-4ED1-A687-F51F345599C7}.Release|Any CPU.Build.0 = Release|Any CPU
		{11D9A8F9-47D2-4ED1-A687-F51F345599C7}.Release|ARM.ActiveCfg = Release|Any CPU
		{11D9A8F9-47D2-4ED1-A687-F51F345599C7}.Release|ARM.Build.0 = Release|Any CPU
		{11D9A8F9-47D2-4ED1-A687-F51F345599C7}.Release|ARM64.ActiveCfg = Release|Any CPU
		{11D9A8F9-47D2-4ED1-A687-F51F345599C7}.Release|ARM64.Build.0 = Release|Any CPU
		{11D9A8F9-47D2-4ED1-A687-F51F345599C7}.Release|iPhone.ActiveCfg = Release|Any CPU
		{11D9A8F9-47D2-4ED1-A687-F51F345599C7}.Release|iPhone.Build.0 = Release|Any CPU
		{11D9A8F9-47D2-4ED1-A687-F51F345599C7}.Release|iPhoneSimulator.ActiveCfg = Release|Any CPU
		{11D9A8F9-47D2-4ED1-A687-F51F345599C7}.Release|iPhoneSimulator.Build.0 = Release|Any CPU
		{11D9A8F9-47D2-4ED1-A687-F51F345599C7}.Release|x64.ActiveCfg = Release|Any CPU
		{11D9A8F9-47D2-4ED1-A687-F51F345599C7}.Release|x64.Build.0 = Release|Any CPU
		{11D9A8F9-47D2-4ED1-A687-F51F345599C7}.Release|x86.ActiveCfg = Release|Any CPU
		{11D9A8F9-47D2-4ED1-A687-F51F345599C7}.Release|x86.Build.0 = Release|Any CPU
		{A50C849A-8E2C-460B-8060-1F989059C25B}.Ad-Hoc|Any CPU.ActiveCfg = Debug|Any CPU
		{A50C849A-8E2C-460B-8060-1F989059C25B}.Ad-Hoc|Any CPU.Build.0 = Debug|Any CPU
		{A50C849A-8E2C-460B-8060-1F989059C25B}.Ad-Hoc|ARM.ActiveCfg = Debug|Any CPU
		{A50C849A-8E2C-460B-8060-1F989059C25B}.Ad-Hoc|ARM.Build.0 = Debug|Any CPU
		{A50C849A-8E2C-460B-8060-1F989059C25B}.Ad-Hoc|ARM64.ActiveCfg = Debug|Any CPU
		{A50C849A-8E2C-460B-8060-1F989059C25B}.Ad-Hoc|ARM64.Build.0 = Debug|Any CPU
		{A50C849A-8E2C-460B-8060-1F989059C25B}.Ad-Hoc|iPhone.ActiveCfg = Debug|Any CPU
		{A50C849A-8E2C-460B-8060-1F989059C25B}.Ad-Hoc|iPhone.Build.0 = Debug|Any CPU
		{A50C849A-8E2C-460B-8060-1F989059C25B}.Ad-Hoc|iPhoneSimulator.ActiveCfg = Debug|Any CPU
		{A50C849A-8E2C-460B-8060-1F989059C25B}.Ad-Hoc|iPhoneSimulator.Build.0 = Debug|Any CPU
		{A50C849A-8E2C-460B-8060-1F989059C25B}.Ad-Hoc|x64.ActiveCfg = Debug|Any CPU
		{A50C849A-8E2C-460B-8060-1F989059C25B}.Ad-Hoc|x64.Build.0 = Debug|Any CPU
		{A50C849A-8E2C-460B-8060-1F989059C25B}.Ad-Hoc|x86.ActiveCfg = Debug|Any CPU
		{A50C849A-8E2C-460B-8060-1F989059C25B}.Ad-Hoc|x86.Build.0 = Debug|Any CPU
		{A50C849A-8E2C-460B-8060-1F989059C25B}.AppStore|Any CPU.ActiveCfg = Debug|Any CPU
		{A50C849A-8E2C-460B-8060-1F989059C25B}.AppStore|Any CPU.Build.0 = Debug|Any CPU
		{A50C849A-8E2C-460B-8060-1F989059C25B}.AppStore|ARM.ActiveCfg = Debug|Any CPU
		{A50C849A-8E2C-460B-8060-1F989059C25B}.AppStore|ARM.Build.0 = Debug|Any CPU
		{A50C849A-8E2C-460B-8060-1F989059C25B}.AppStore|ARM64.ActiveCfg = Debug|Any CPU
		{A50C849A-8E2C-460B-8060-1F989059C25B}.AppStore|ARM64.Build.0 = Debug|Any CPU
		{A50C849A-8E2C-460B-8060-1F989059C25B}.AppStore|iPhone.ActiveCfg = Debug|Any CPU
		{A50C849A-8E2C-460B-8060-1F989059C25B}.AppStore|iPhone.Build.0 = Debug|Any CPU
		{A50C849A-8E2C-460B-8060-1F989059C25B}.AppStore|iPhoneSimulator.ActiveCfg = Debug|Any CPU
		{A50C849A-8E2C-460B-8060-1F989059C25B}.AppStore|iPhoneSimulator.Build.0 = Debug|Any CPU
		{A50C849A-8E2C-460B-8060-1F989059C25B}.AppStore|x64.ActiveCfg = Debug|Any CPU
		{A50C849A-8E2C-460B-8060-1F989059C25B}.AppStore|x64.Build.0 = Debug|Any CPU
		{A50C849A-8E2C-460B-8060-1F989059C25B}.AppStore|x86.ActiveCfg = Debug|Any CPU
		{A50C849A-8E2C-460B-8060-1F989059C25B}.AppStore|x86.Build.0 = Debug|Any CPU
		{A50C849A-8E2C-460B-8060-1F989059C25B}.Debug|Any CPU.ActiveCfg = Debug|Any CPU
		{A50C849A-8E2C-460B-8060-1F989059C25B}.Debug|Any CPU.Build.0 = Debug|Any CPU
		{A50C849A-8E2C-460B-8060-1F989059C25B}.Debug|ARM.ActiveCfg = Debug|Any CPU
		{A50C849A-8E2C-460B-8060-1F989059C25B}.Debug|ARM.Build.0 = Debug|Any CPU
		{A50C849A-8E2C-460B-8060-1F989059C25B}.Debug|ARM64.ActiveCfg = Debug|Any CPU
		{A50C849A-8E2C-460B-8060-1F989059C25B}.Debug|ARM64.Build.0 = Debug|Any CPU
		{A50C849A-8E2C-460B-8060-1F989059C25B}.Debug|iPhone.ActiveCfg = Debug|Any CPU
		{A50C849A-8E2C-460B-8060-1F989059C25B}.Debug|iPhone.Build.0 = Debug|Any CPU
		{A50C849A-8E2C-460B-8060-1F989059C25B}.Debug|iPhoneSimulator.ActiveCfg = Debug|Any CPU
		{A50C849A-8E2C-460B-8060-1F989059C25B}.Debug|iPhoneSimulator.Build.0 = Debug|Any CPU
		{A50C849A-8E2C-460B-8060-1F989059C25B}.Debug|x64.ActiveCfg = Debug|Any CPU
		{A50C849A-8E2C-460B-8060-1F989059C25B}.Debug|x64.Build.0 = Debug|Any CPU
		{A50C849A-8E2C-460B-8060-1F989059C25B}.Debug|x86.ActiveCfg = Debug|Any CPU
		{A50C849A-8E2C-460B-8060-1F989059C25B}.Debug|x86.Build.0 = Debug|Any CPU
		{A50C849A-8E2C-460B-8060-1F989059C25B}.Release|Any CPU.ActiveCfg = Release|Any CPU
		{A50C849A-8E2C-460B-8060-1F989059C25B}.Release|Any CPU.Build.0 = Release|Any CPU
		{A50C849A-8E2C-460B-8060-1F989059C25B}.Release|ARM.ActiveCfg = Release|Any CPU
		{A50C849A-8E2C-460B-8060-1F989059C25B}.Release|ARM.Build.0 = Release|Any CPU
		{A50C849A-8E2C-460B-8060-1F989059C25B}.Release|ARM64.ActiveCfg = Release|Any CPU
		{A50C849A-8E2C-460B-8060-1F989059C25B}.Release|ARM64.Build.0 = Release|Any CPU
		{A50C849A-8E2C-460B-8060-1F989059C25B}.Release|iPhone.ActiveCfg = Release|Any CPU
		{A50C849A-8E2C-460B-8060-1F989059C25B}.Release|iPhone.Build.0 = Release|Any CPU
		{A50C849A-8E2C-460B-8060-1F989059C25B}.Release|iPhoneSimulator.ActiveCfg = Release|Any CPU
		{A50C849A-8E2C-460B-8060-1F989059C25B}.Release|iPhoneSimulator.Build.0 = Release|Any CPU
		{A50C849A-8E2C-460B-8060-1F989059C25B}.Release|x64.ActiveCfg = Release|Any CPU
		{A50C849A-8E2C-460B-8060-1F989059C25B}.Release|x64.Build.0 = Release|Any CPU
		{A50C849A-8E2C-460B-8060-1F989059C25B}.Release|x86.ActiveCfg = Release|Any CPU
		{A50C849A-8E2C-460B-8060-1F989059C25B}.Release|x86.Build.0 = Release|Any CPU
		{20E9EE38-1A9F-4B33-9B7E-64187C321F77}.Ad-Hoc|Any CPU.ActiveCfg = Debug|Any CPU
		{20E9EE38-1A9F-4B33-9B7E-64187C321F77}.Ad-Hoc|Any CPU.Build.0 = Debug|Any CPU
		{20E9EE38-1A9F-4B33-9B7E-64187C321F77}.Ad-Hoc|ARM.ActiveCfg = Debug|Any CPU
		{20E9EE38-1A9F-4B33-9B7E-64187C321F77}.Ad-Hoc|ARM.Build.0 = Debug|Any CPU
		{20E9EE38-1A9F-4B33-9B7E-64187C321F77}.Ad-Hoc|ARM64.ActiveCfg = Debug|Any CPU
		{20E9EE38-1A9F-4B33-9B7E-64187C321F77}.Ad-Hoc|ARM64.Build.0 = Debug|Any CPU
		{20E9EE38-1A9F-4B33-9B7E-64187C321F77}.Ad-Hoc|iPhone.ActiveCfg = Debug|Any CPU
		{20E9EE38-1A9F-4B33-9B7E-64187C321F77}.Ad-Hoc|iPhone.Build.0 = Debug|Any CPU
		{20E9EE38-1A9F-4B33-9B7E-64187C321F77}.Ad-Hoc|iPhoneSimulator.ActiveCfg = Debug|Any CPU
		{20E9EE38-1A9F-4B33-9B7E-64187C321F77}.Ad-Hoc|iPhoneSimulator.Build.0 = Debug|Any CPU
		{20E9EE38-1A9F-4B33-9B7E-64187C321F77}.Ad-Hoc|x64.ActiveCfg = Debug|Any CPU
		{20E9EE38-1A9F-4B33-9B7E-64187C321F77}.Ad-Hoc|x64.Build.0 = Debug|Any CPU
		{20E9EE38-1A9F-4B33-9B7E-64187C321F77}.Ad-Hoc|x86.ActiveCfg = Debug|Any CPU
		{20E9EE38-1A9F-4B33-9B7E-64187C321F77}.Ad-Hoc|x86.Build.0 = Debug|Any CPU
		{20E9EE38-1A9F-4B33-9B7E-64187C321F77}.AppStore|Any CPU.ActiveCfg = Debug|Any CPU
		{20E9EE38-1A9F-4B33-9B7E-64187C321F77}.AppStore|Any CPU.Build.0 = Debug|Any CPU
		{20E9EE38-1A9F-4B33-9B7E-64187C321F77}.AppStore|ARM.ActiveCfg = Debug|Any CPU
		{20E9EE38-1A9F-4B33-9B7E-64187C321F77}.AppStore|ARM.Build.0 = Debug|Any CPU
		{20E9EE38-1A9F-4B33-9B7E-64187C321F77}.AppStore|ARM64.ActiveCfg = Debug|Any CPU
		{20E9EE38-1A9F-4B33-9B7E-64187C321F77}.AppStore|ARM64.Build.0 = Debug|Any CPU
		{20E9EE38-1A9F-4B33-9B7E-64187C321F77}.AppStore|iPhone.ActiveCfg = Debug|Any CPU
		{20E9EE38-1A9F-4B33-9B7E-64187C321F77}.AppStore|iPhone.Build.0 = Debug|Any CPU
		{20E9EE38-1A9F-4B33-9B7E-64187C321F77}.AppStore|iPhoneSimulator.ActiveCfg = Debug|Any CPU
		{20E9EE38-1A9F-4B33-9B7E-64187C321F77}.AppStore|iPhoneSimulator.Build.0 = Debug|Any CPU
		{20E9EE38-1A9F-4B33-9B7E-64187C321F77}.AppStore|x64.ActiveCfg = Debug|Any CPU
		{20E9EE38-1A9F-4B33-9B7E-64187C321F77}.AppStore|x64.Build.0 = Debug|Any CPU
		{20E9EE38-1A9F-4B33-9B7E-64187C321F77}.AppStore|x86.ActiveCfg = Debug|Any CPU
		{20E9EE38-1A9F-4B33-9B7E-64187C321F77}.AppStore|x86.Build.0 = Debug|Any CPU
		{20E9EE38-1A9F-4B33-9B7E-64187C321F77}.Debug|Any CPU.ActiveCfg = Debug|Any CPU
		{20E9EE38-1A9F-4B33-9B7E-64187C321F77}.Debug|Any CPU.Build.0 = Debug|Any CPU
		{20E9EE38-1A9F-4B33-9B7E-64187C321F77}.Debug|ARM.ActiveCfg = Debug|Any CPU
		{20E9EE38-1A9F-4B33-9B7E-64187C321F77}.Debug|ARM.Build.0 = Debug|Any CPU
		{20E9EE38-1A9F-4B33-9B7E-64187C321F77}.Debug|ARM64.ActiveCfg = Debug|Any CPU
		{20E9EE38-1A9F-4B33-9B7E-64187C321F77}.Debug|ARM64.Build.0 = Debug|Any CPU
		{20E9EE38-1A9F-4B33-9B7E-64187C321F77}.Debug|iPhone.ActiveCfg = Debug|Any CPU
		{20E9EE38-1A9F-4B33-9B7E-64187C321F77}.Debug|iPhone.Build.0 = Debug|Any CPU
		{20E9EE38-1A9F-4B33-9B7E-64187C321F77}.Debug|iPhoneSimulator.ActiveCfg = Debug|Any CPU
		{20E9EE38-1A9F-4B33-9B7E-64187C321F77}.Debug|iPhoneSimulator.Build.0 = Debug|Any CPU
		{20E9EE38-1A9F-4B33-9B7E-64187C321F77}.Debug|x64.ActiveCfg = Debug|Any CPU
		{20E9EE38-1A9F-4B33-9B7E-64187C321F77}.Debug|x64.Build.0 = Debug|Any CPU
		{20E9EE38-1A9F-4B33-9B7E-64187C321F77}.Debug|x86.ActiveCfg = Debug|Any CPU
		{20E9EE38-1A9F-4B33-9B7E-64187C321F77}.Debug|x86.Build.0 = Debug|Any CPU
		{20E9EE38-1A9F-4B33-9B7E-64187C321F77}.Release|Any CPU.ActiveCfg = Release|Any CPU
		{20E9EE38-1A9F-4B33-9B7E-64187C321F77}.Release|Any CPU.Build.0 = Release|Any CPU
		{20E9EE38-1A9F-4B33-9B7E-64187C321F77}.Release|ARM.ActiveCfg = Release|Any CPU
		{20E9EE38-1A9F-4B33-9B7E-64187C321F77}.Release|ARM.Build.0 = Release|Any CPU
		{20E9EE38-1A9F-4B33-9B7E-64187C321F77}.Release|ARM64.ActiveCfg = Release|Any CPU
		{20E9EE38-1A9F-4B33-9B7E-64187C321F77}.Release|ARM64.Build.0 = Release|Any CPU
		{20E9EE38-1A9F-4B33-9B7E-64187C321F77}.Release|iPhone.ActiveCfg = Release|Any CPU
		{20E9EE38-1A9F-4B33-9B7E-64187C321F77}.Release|iPhone.Build.0 = Release|Any CPU
		{20E9EE38-1A9F-4B33-9B7E-64187C321F77}.Release|iPhoneSimulator.ActiveCfg = Release|Any CPU
		{20E9EE38-1A9F-4B33-9B7E-64187C321F77}.Release|iPhoneSimulator.Build.0 = Release|Any CPU
		{20E9EE38-1A9F-4B33-9B7E-64187C321F77}.Release|x64.ActiveCfg = Release|Any CPU
		{20E9EE38-1A9F-4B33-9B7E-64187C321F77}.Release|x64.Build.0 = Release|Any CPU
		{20E9EE38-1A9F-4B33-9B7E-64187C321F77}.Release|x86.ActiveCfg = Release|Any CPU
		{20E9EE38-1A9F-4B33-9B7E-64187C321F77}.Release|x86.Build.0 = Release|Any CPU
		{65948A98-D9B9-4F4E-A0AE-CFEABBD4C680}.Ad-Hoc|Any CPU.ActiveCfg = Debug|Any CPU
		{65948A98-D9B9-4F4E-A0AE-CFEABBD4C680}.Ad-Hoc|Any CPU.Build.0 = Debug|Any CPU
		{65948A98-D9B9-4F4E-A0AE-CFEABBD4C680}.Ad-Hoc|ARM.ActiveCfg = Debug|Any CPU
		{65948A98-D9B9-4F4E-A0AE-CFEABBD4C680}.Ad-Hoc|ARM.Build.0 = Debug|Any CPU
		{65948A98-D9B9-4F4E-A0AE-CFEABBD4C680}.Ad-Hoc|ARM64.ActiveCfg = Debug|Any CPU
		{65948A98-D9B9-4F4E-A0AE-CFEABBD4C680}.Ad-Hoc|ARM64.Build.0 = Debug|Any CPU
		{65948A98-D9B9-4F4E-A0AE-CFEABBD4C680}.Ad-Hoc|iPhone.ActiveCfg = Debug|Any CPU
		{65948A98-D9B9-4F4E-A0AE-CFEABBD4C680}.Ad-Hoc|iPhone.Build.0 = Debug|Any CPU
		{65948A98-D9B9-4F4E-A0AE-CFEABBD4C680}.Ad-Hoc|iPhoneSimulator.ActiveCfg = Debug|Any CPU
		{65948A98-D9B9-4F4E-A0AE-CFEABBD4C680}.Ad-Hoc|iPhoneSimulator.Build.0 = Debug|Any CPU
		{65948A98-D9B9-4F4E-A0AE-CFEABBD4C680}.Ad-Hoc|x64.ActiveCfg = Debug|Any CPU
		{65948A98-D9B9-4F4E-A0AE-CFEABBD4C680}.Ad-Hoc|x64.Build.0 = Debug|Any CPU
		{65948A98-D9B9-4F4E-A0AE-CFEABBD4C680}.Ad-Hoc|x86.ActiveCfg = Debug|Any CPU
		{65948A98-D9B9-4F4E-A0AE-CFEABBD4C680}.Ad-Hoc|x86.Build.0 = Debug|Any CPU
		{65948A98-D9B9-4F4E-A0AE-CFEABBD4C680}.AppStore|Any CPU.ActiveCfg = Debug|Any CPU
		{65948A98-D9B9-4F4E-A0AE-CFEABBD4C680}.AppStore|Any CPU.Build.0 = Debug|Any CPU
		{65948A98-D9B9-4F4E-A0AE-CFEABBD4C680}.AppStore|ARM.ActiveCfg = Debug|Any CPU
		{65948A98-D9B9-4F4E-A0AE-CFEABBD4C680}.AppStore|ARM.Build.0 = Debug|Any CPU
		{65948A98-D9B9-4F4E-A0AE-CFEABBD4C680}.AppStore|ARM64.ActiveCfg = Debug|Any CPU
		{65948A98-D9B9-4F4E-A0AE-CFEABBD4C680}.AppStore|ARM64.Build.0 = Debug|Any CPU
		{65948A98-D9B9-4F4E-A0AE-CFEABBD4C680}.AppStore|iPhone.ActiveCfg = Debug|Any CPU
		{65948A98-D9B9-4F4E-A0AE-CFEABBD4C680}.AppStore|iPhone.Build.0 = Debug|Any CPU
		{65948A98-D9B9-4F4E-A0AE-CFEABBD4C680}.AppStore|iPhoneSimulator.ActiveCfg = Debug|Any CPU
		{65948A98-D9B9-4F4E-A0AE-CFEABBD4C680}.AppStore|iPhoneSimulator.Build.0 = Debug|Any CPU
		{65948A98-D9B9-4F4E-A0AE-CFEABBD4C680}.AppStore|x64.ActiveCfg = Debug|Any CPU
		{65948A98-D9B9-4F4E-A0AE-CFEABBD4C680}.AppStore|x64.Build.0 = Debug|Any CPU
		{65948A98-D9B9-4F4E-A0AE-CFEABBD4C680}.AppStore|x86.ActiveCfg = Debug|Any CPU
		{65948A98-D9B9-4F4E-A0AE-CFEABBD4C680}.AppStore|x86.Build.0 = Debug|Any CPU
		{65948A98-D9B9-4F4E-A0AE-CFEABBD4C680}.Debug|Any CPU.ActiveCfg = Debug|Any CPU
		{65948A98-D9B9-4F4E-A0AE-CFEABBD4C680}.Debug|Any CPU.Build.0 = Debug|Any CPU
		{65948A98-D9B9-4F4E-A0AE-CFEABBD4C680}.Debug|ARM.ActiveCfg = Debug|Any CPU
		{65948A98-D9B9-4F4E-A0AE-CFEABBD4C680}.Debug|ARM.Build.0 = Debug|Any CPU
		{65948A98-D9B9-4F4E-A0AE-CFEABBD4C680}.Debug|ARM64.ActiveCfg = Debug|Any CPU
		{65948A98-D9B9-4F4E-A0AE-CFEABBD4C680}.Debug|ARM64.Build.0 = Debug|Any CPU
		{65948A98-D9B9-4F4E-A0AE-CFEABBD4C680}.Debug|iPhone.ActiveCfg = Debug|Any CPU
		{65948A98-D9B9-4F4E-A0AE-CFEABBD4C680}.Debug|iPhone.Build.0 = Debug|Any CPU
		{65948A98-D9B9-4F4E-A0AE-CFEABBD4C680}.Debug|iPhoneSimulator.ActiveCfg = Debug|Any CPU
		{65948A98-D9B9-4F4E-A0AE-CFEABBD4C680}.Debug|iPhoneSimulator.Build.0 = Debug|Any CPU
		{65948A98-D9B9-4F4E-A0AE-CFEABBD4C680}.Debug|x64.ActiveCfg = Debug|Any CPU
		{65948A98-D9B9-4F4E-A0AE-CFEABBD4C680}.Debug|x64.Build.0 = Debug|Any CPU
		{65948A98-D9B9-4F4E-A0AE-CFEABBD4C680}.Debug|x86.ActiveCfg = Debug|Any CPU
		{65948A98-D9B9-4F4E-A0AE-CFEABBD4C680}.Debug|x86.Build.0 = Debug|Any CPU
		{65948A98-D9B9-4F4E-A0AE-CFEABBD4C680}.Release|Any CPU.ActiveCfg = Release|Any CPU
		{65948A98-D9B9-4F4E-A0AE-CFEABBD4C680}.Release|Any CPU.Build.0 = Release|Any CPU
		{65948A98-D9B9-4F4E-A0AE-CFEABBD4C680}.Release|ARM.ActiveCfg = Release|Any CPU
		{65948A98-D9B9-4F4E-A0AE-CFEABBD4C680}.Release|ARM.Build.0 = Release|Any CPU
		{65948A98-D9B9-4F4E-A0AE-CFEABBD4C680}.Release|ARM64.ActiveCfg = Release|Any CPU
		{65948A98-D9B9-4F4E-A0AE-CFEABBD4C680}.Release|ARM64.Build.0 = Release|Any CPU
		{65948A98-D9B9-4F4E-A0AE-CFEABBD4C680}.Release|iPhone.ActiveCfg = Release|Any CPU
		{65948A98-D9B9-4F4E-A0AE-CFEABBD4C680}.Release|iPhone.Build.0 = Release|Any CPU
		{65948A98-D9B9-4F4E-A0AE-CFEABBD4C680}.Release|iPhoneSimulator.ActiveCfg = Release|Any CPU
		{65948A98-D9B9-4F4E-A0AE-CFEABBD4C680}.Release|iPhoneSimulator.Build.0 = Release|Any CPU
		{65948A98-D9B9-4F4E-A0AE-CFEABBD4C680}.Release|x64.ActiveCfg = Release|Any CPU
		{65948A98-D9B9-4F4E-A0AE-CFEABBD4C680}.Release|x64.Build.0 = Release|Any CPU
		{65948A98-D9B9-4F4E-A0AE-CFEABBD4C680}.Release|x86.ActiveCfg = Release|Any CPU
		{65948A98-D9B9-4F4E-A0AE-CFEABBD4C680}.Release|x86.Build.0 = Release|Any CPU
	EndGlobalSection
	GlobalSection(SolutionProperties) = preSolution
		HideSolutionNode = FALSE
	EndGlobalSection
	GlobalSection(NestedProjects) = preSolution
		{E1DE7428-4AC4-4138-8176-676880FBD718} = {95260D6C-9BF8-422E-A0C1-060B29A809ED}
		{12E4C519-4C0B-4D6F-BFD6-39BB499B00FD} = {95260D6C-9BF8-422E-A0C1-060B29A809ED}
		{C8BDC767-8A57-423A-B3CB-DF6A530B6F34} = {95260D6C-9BF8-422E-A0C1-060B29A809ED}
		{F8B575EC-9CBC-43C8-95B0-E3E566D1F376} = {95260D6C-9BF8-422E-A0C1-060B29A809ED}
		{22F2190E-B948-4E96-994E-0B1C10CD2CBA} = {95260D6C-9BF8-422E-A0C1-060B29A809ED}
		{11D9A8F9-47D2-4ED1-A687-F51F345599C7} = {95260D6C-9BF8-422E-A0C1-060B29A809ED}
		{A50C849A-8E2C-460B-8060-1F989059C25B} = {95260D6C-9BF8-422E-A0C1-060B29A809ED}
		{20E9EE38-1A9F-4B33-9B7E-64187C321F77} = {95260D6C-9BF8-422E-A0C1-060B29A809ED}
		{65948A98-D9B9-4F4E-A0AE-CFEABBD4C680} = {95260D6C-9BF8-422E-A0C1-060B29A809ED}
	EndGlobalSection
	GlobalSection(ExtensibilityGlobals) = postSolution
		SolutionGuid = {0AB4250B-73E2-421F-B01D-ADBE581FB3EE}
	EndGlobalSection
EndGlobal
